{
  "name": "verified-substreams-backend",
  "version": "1.0.0",
  "lockfileVersion": 3,
  "requires": true,
  "packages": {
    "": {
      "name": "verified-substreams-backend",
      "version": "1.0.0",
      "license": "ISC",
      "dependencies": {
        "@connectrpc/connect": "1.3.0",
        "@connectrpc/connect-node": "1.3.0",
        "@substreams/core": "^0.1.19",
        "@substreams/manifest": "^0.0.9",
        "dotenv": "^17.2.3",
        "protobufjs": "^7.5.4"
      }
    },
    "node_modules/@bufbuild/buf": {
      "version": "1.60.0",
      "resolved": "https://registry.npmjs.org/@bufbuild/buf/-/buf-1.60.0.tgz",
      "integrity": "sha512-RF7EcwHF9wGUs4EBSweHtXZHfVL7bqkSPD1zwgJmG/ejo/I7KXS8+mT56fjw4r6MNgyNTV9F9gVfTsx4D6vhhA==",
      "hasInstallScript": true,
      "license": "Apache-2.0",
      "bin": {
        "buf": "bin/buf",
        "protoc-gen-buf-breaking": "bin/protoc-gen-buf-breaking",
        "protoc-gen-buf-lint": "bin/protoc-gen-buf-lint"
      },
      "engines": {
        "node": ">=12"
      },
      "optionalDependencies": {
        "@bufbuild/buf-darwin-arm64": "1.60.0",
        "@bufbuild/buf-darwin-x64": "1.60.0",
        "@bufbuild/buf-linux-aarch64": "1.60.0",
        "@bufbuild/buf-linux-armv7": "1.60.0",
        "@bufbuild/buf-linux-x64": "1.60.0",
        "@bufbuild/buf-win32-arm64": "1.60.0",
        "@bufbuild/buf-win32-x64": "1.60.0"
      }
    },
    "node_modules/@bufbuild/buf-darwin-arm64": {
      "version": "1.60.0",
      "resolved": "https://registry.npmjs.org/@bufbuild/buf-darwin-arm64/-/buf-darwin-arm64-1.60.0.tgz",
      "integrity": "sha512-3C/+EVyHnTGEl0DQ2GISab86IyE0jI4A65m059/BT0LFOF4vPbJU7bHO3Zzz+sFDWer+Ddi+93Tph+pWoxGI9A==",
      "cpu": [
        "arm64"
      ],
      "license": "Apache-2.0",
      "optional": true,
      "os": [
        "darwin"
      ],
      "engines": {
        "node": ">=12"
      }
    },
    "node_modules/@bufbuild/buf-darwin-x64": {
      "version": "1.60.0",
      "resolved": "https://registry.npmjs.org/@bufbuild/buf-darwin-x64/-/buf-darwin-x64-1.60.0.tgz",
      "integrity": "sha512-hS6BLLJGJj1FfA0m/pGI/ihv2i4/kin7pQlY1x1rE/FOwzpDFveLVKht+o6dt38cz2HSjLcItOrnke7D4hLBsg==",
      "cpu": [
        "x64"
      ],
      "license": "Apache-2.0",
      "optional": true,
      "os": [
        "darwin"
      ],
      "engines": {
        "node": ">=12"
      }
    },
    "node_modules/@bufbuild/buf-linux-aarch64": {
      "version": "1.60.0",
      "resolved": "https://registry.npmjs.org/@bufbuild/buf-linux-aarch64/-/buf-linux-aarch64-1.60.0.tgz",
      "integrity": "sha512-arpgQZ3YZ6RQ6xwCAfKaBHS7wlQBxBDeWSEb+KXOkCGu6fcJX+4b80vUWIVJPE+j2tfpIv02ncWLCwU1tyWeuA==",
      "cpu": [
        "arm64"
      ],
      "license": "Apache-2.0",
      "optional": true,
      "os": [
        "linux"
      ],
      "engines": {
        "node": ">=12"
      }
    },
    "node_modules/@bufbuild/buf-linux-armv7": {
      "version": "1.60.0",
      "resolved": "https://registry.npmjs.org/@bufbuild/buf-linux-armv7/-/buf-linux-armv7-1.60.0.tgz",
      "integrity": "sha512-4vDsFgo1m5+J/kY8L58tbnPlpbt6FUO5ngKSIporCTZ+VfpiMiK8R6kh0Tp7PDOO3nAyTqzY/V6h+APnewsuOQ==",
      "cpu": [
        "arm"
      ],
      "license": "Apache-2.0",
      "optional": true,
      "os": [
        "linux"
      ],
      "engines": {
        "node": ">=12"
      }
    },
    "node_modules/@bufbuild/buf-linux-x64": {
      "version": "1.60.0",
      "resolved": "https://registry.npmjs.org/@bufbuild/buf-linux-x64/-/buf-linux-x64-1.60.0.tgz",
      "integrity": "sha512-E3p1o1VLUxiPnTvOUXU5A37CeF3zbvNZYZQzZT2KZvMCbjch1ZG2zFBmgRtuGsid2aQ260O5NXurh+abDg3boA==",
      "cpu": [
        "x64"
      ],
      "license": "Apache-2.0",
      "optional": true,
      "os": [
        "linux"
      ],
      "engines": {
        "node": ">=12"
      }
    },
    "node_modules/@bufbuild/buf-win32-arm64": {
      "version": "1.60.0",
      "resolved": "https://registry.npmjs.org/@bufbuild/buf-win32-arm64/-/buf-win32-arm64-1.60.0.tgz",
      "integrity": "sha512-c3udQuwdCOZk5ijeQKT64rbXvzRvJzXqOLjOn+2loM/Yhx6csoOKzCRPxlGKP8qLy45woSoH/tfiBPzuvFKeLA==",
      "cpu": [
        "arm64"
      ],
      "license": "Apache-2.0",
      "optional": true,
      "os": [
        "win32"
      ],
      "engines": {
        "node": ">=12"
      }
    },
    "node_modules/@bufbuild/buf-win32-x64": {
      "version": "1.60.0",
      "resolved": "https://registry.npmjs.org/@bufbuild/buf-win32-x64/-/buf-win32-x64-1.60.0.tgz",
      "integrity": "sha512-xu/o0wJHK+KL/kvfbV/3UvcelJ+DAwxMwhjrGG0mCq91MY+wKXaQHwv28MDjHtSC71+aV81A/YgJDcQjpQtZkg==",
      "cpu": [
        "x64"
      ],
      "license": "Apache-2.0",
      "optional": true,
      "os": [
        "win32"
      ],
      "engines": {
        "node": ">=12"
      }
    },
    "node_modules/@bufbuild/connect": {
      "version": "0.12.0",
      "resolved": "https://registry.npmjs.org/@bufbuild/connect/-/connect-0.12.0.tgz",
      "integrity": "sha512-rYn3Akp7teOkvqxguLbf6QKizH37Yeo33lseV+JHDZC19CsAV9wrrZM17Sa+LNEBj/hrYtQF7EIcllgGxhv9aw==",
      "deprecated": "Connect has moved to its own org @connectrpc and has a stable v1. Run `npx @connectrpc/connect-migrate@latest` to update. See https://github.com/connectrpc/connect-es/releases/tag/v0.13.1 for details.",
      "license": "Apache-2.0",
      "peerDependencies": {
        "@bufbuild/protobuf": "^1.2.1"
      }
    },
    "node_modules/@bufbuild/protobuf": {
      "version": "1.10.1",
      "resolved": "https://registry.npmjs.org/@bufbuild/protobuf/-/protobuf-1.10.1.tgz",
      "integrity": "sha512-wJ8ReQbHxsAfXhrf9ixl0aYbZorRuOWpBNzm8pL8ftmSxQx/wnJD5Eg861NwJU/czy2VXFIebCeZnZrI9rktIQ==",
      "license": "(Apache-2.0 AND BSD-3-Clause)"
    },
    "node_modules/@connectrpc/connect": {
      "version": "1.3.0",
      "resolved": "https://registry.npmjs.org/@connectrpc/connect/-/connect-1.3.0.tgz",
      "integrity": "sha512-kTeWxJnLLtxKc2ZSDN0rIBgwfP8RwcLknthX4AKlIAmN9ZC4gGnCbwp+3BKcP/WH5c8zGBAWqSY3zeqCM+ah7w==",
      "license": "Apache-2.0",
      "peerDependencies": {
        "@bufbuild/protobuf": "^1.4.2"
      }
    },
    "node_modules/@connectrpc/connect-node": {
      "version": "1.3.0",
      "resolved": "https://registry.npmjs.org/@connectrpc/connect-node/-/connect-node-1.3.0.tgz",
      "integrity": "sha512-2fV/z/8MUFOkTn2Gbm7T/qvRfkpt/D/w7ykYqACZRH6VNG/faY4lH2wUZiNkwv9tzTrECKOJFyPsaGs3nRYK3w==",
      "license": "Apache-2.0",
      "dependencies": {
        "undici": "^5.28.2"
      },
      "engines": {
        "node": ">=16.0.0"
      },
      "peerDependencies": {
        "@bufbuild/protobuf": "^1.4.2",
        "@connectrpc/connect": "1.3.0"
      }
    },
    "node_modules/@effect/data": {
      "version": "0.17.6",
      "resolved": "https://registry.npmjs.org/@effect/data/-/data-0.17.6.tgz",
      "integrity": "sha512-/vwz7Jh05eS0qY8kczR/YyJd18d0C+PMtUkAealh4f6gwvhABLGCnktNJTcq/+UHxY0Cbv18r5uaJ4+7PPC+WQ==",
      "deprecated": "this package has been merged into the main effect package",
      "license": "MIT"
    },
    "node_modules/@effect/io": {
      "version": "0.37.1",
      "resolved": "https://registry.npmjs.org/@effect/io/-/io-0.37.1.tgz",
      "integrity": "sha512-Ez3GfcG+gDDfAiBXtSjJpSrPU5Guiyw69LsYkMtIukFwyNwpHWLhYaVgfVbVjoQasil8KiFSQJSd5DbJL6nqPg==",
      "deprecated": "this package has been merged into the main effect package",
      "license": "MIT",
      "dependencies": {
        "@effect/data": "^0.17.0"
      }
    },
    "node_modules/@effect/schema": {
      "version": "0.32.0",
      "resolved": "https://registry.npmjs.org/@effect/schema/-/schema-0.32.0.tgz",
      "integrity": "sha512-4HJK/cFkVPdIjYICy0eRsL7JuuLJ6mE3aJC5rX9OuUIei/qfctFEEX2NaARjtGX7hACBrRcuJCNwiq+54TTjFw==",
      "deprecated": "this package has been merged into the main effect package",
      "license": "MIT",
      "dependencies": {
        "@effect/data": "^0.17.1",
        "@effect/io": "^0.37.0",
        "fast-check": "^3.12.0"
      }
    },
    "node_modules/@fastify/busboy": {
      "version": "2.1.1",
      "resolved": "https://registry.npmjs.org/@fastify/busboy/-/busboy-2.1.1.tgz",
      "integrity": "sha512-vBZP4NlzfOlerQTnba4aqZoMhE/a9HY7HRqoOPaETQcSQuWEIyZMHGfVu6w9wGtGK5fED5qRs2DteVCjOH60sA==",
      "license": "MIT",
      "engines": {
        "node": ">=14"
      }
    },
    "node_modules/@protobufjs/aspromise": {
      "version": "1.1.2",
      "resolved": "https://registry.npmjs.org/@protobufjs/aspromise/-/aspromise-1.1.2.tgz",
      "integrity": "sha512-j+gKExEuLmKwvz3OgROXtrJ2UG2x8Ch2YZUxahh+s1F2HZ+wAceUNLkvy6zKCPVRkU++ZWQrdxsUeQXmcg4uoQ==",
      "license": "BSD-3-Clause"
    },
    "node_modules/@protobufjs/base64": {
      "version": "1.1.2",
      "resolved": "https://registry.npmjs.org/@protobufjs/base64/-/base64-1.1.2.tgz",
      "integrity": "sha512-AZkcAA5vnN/v4PDqKyMR5lx7hZttPDgClv83E//FMNhR2TMcLUhfRUBHCmSl0oi9zMgDDqRUJkSxO3wm85+XLg==",
      "license": "BSD-3-Clause"
    },
    "node_modules/@protobufjs/codegen": {
      "version": "2.0.4",
      "resolved": "https://registry.npmjs.org/@protobufjs/codegen/-/codegen-2.0.4.tgz",
      "integrity": "sha512-YyFaikqM5sH0ziFZCN3xDC7zeGaB/d0IUb9CATugHWbd1FRFwWwt4ld4OYMPWu5a3Xe01mGAULCdqhMlPl29Jg==",
      "license": "BSD-3-Clause"
    },
    "node_modules/@protobufjs/eventemitter": {
      "version": "1.1.0",
      "resolved": "https://registry.npmjs.org/@protobufjs/eventemitter/-/eventemitter-1.1.0.tgz",
      "integrity": "sha512-j9ednRT81vYJ9OfVuXG6ERSTdEL1xVsNgqpkxMsbIabzSo3goCjDIveeGv5d03om39ML71RdmrGNjG5SReBP/Q==",
      "license": "BSD-3-Clause"
    },
    "node_modules/@protobufjs/fetch": {
      "version": "1.1.0",
      "resolved": "https://registry.npmjs.org/@protobufjs/fetch/-/fetch-1.1.0.tgz",
      "integrity": "sha512-lljVXpqXebpsijW71PZaCYeIcE5on1w5DlQy5WH6GLbFryLUrBD4932W/E2BSpfRJWseIL4v/KPgBFxDOIdKpQ==",
      "license": "BSD-3-Clause",
      "dependencies": {
        "@protobufjs/aspromise": "^1.1.1",
        "@protobufjs/inquire": "^1.1.0"
      }
    },
    "node_modules/@protobufjs/float": {
      "version": "1.0.2",
      "resolved": "https://registry.npmjs.org/@protobufjs/float/-/float-1.0.2.tgz",
      "integrity": "sha512-Ddb+kVXlXst9d+R9PfTIxh1EdNkgoRe5tOX6t01f1lYWOvJnSPDBlG241QLzcyPdoNTsblLUdujGSE4RzrTZGQ==",
      "license": "BSD-3-Clause"
    },
    "node_modules/@protobufjs/inquire": {
      "version": "1.1.0",
      "resolved": "https://registry.npmjs.org/@protobufjs/inquire/-/inquire-1.1.0.tgz",
      "integrity": "sha512-kdSefcPdruJiFMVSbn801t4vFK7KB/5gd2fYvrxhuJYg8ILrmn9SKSX2tZdV6V+ksulWqS7aXjBcRXl3wHoD9Q==",
      "license": "BSD-3-Clause"
    },
    "node_modules/@protobufjs/path": {
      "version": "1.1.2",
      "resolved": "https://registry.npmjs.org/@protobufjs/path/-/path-1.1.2.tgz",
      "integrity": "sha512-6JOcJ5Tm08dOHAbdR3GrvP+yUUfkjG5ePsHYczMFLq3ZmMkAD98cDgcT2iA1lJ9NVwFd4tH/iSSoe44YWkltEA==",
      "license": "BSD-3-Clause"
    },
    "node_modules/@protobufjs/pool": {
      "version": "1.1.0",
      "resolved": "https://registry.npmjs.org/@protobufjs/pool/-/pool-1.1.0.tgz",
      "integrity": "sha512-0kELaGSIDBKvcgS4zkjz1PeddatrjYcmMWOlAuAPwAeccUrPHdUqo/J6LiymHHEiJT5NrF1UVwxY14f+fy4WQw==",
      "license": "BSD-3-Clause"
    },
    "node_modules/@protobufjs/utf8": {
      "version": "1.1.0",
      "resolved": "https://registry.npmjs.org/@protobufjs/utf8/-/utf8-1.1.0.tgz",
      "integrity": "sha512-Vvn3zZrhQZkkBE8LSuW3em98c0FwgO4nxzv6OdSxPKJIEKY2bGbHn+mhGIPerzI4twdxaP8/0+06HBpwf345Lw==",
      "license": "BSD-3-Clause"
    },
    "node_modules/@substreams/core": {
      "version": "0.1.19",
      "resolved": "https://registry.npmjs.org/@substreams/core/-/core-0.1.19.tgz",
      "integrity": "sha512-GEEkhJb1XUkBvlRzlA7JOXJnS5XmKO4C6ZPz2djxKkRr98EEWH2C1EGCiK/vBYt2trsOVnq/fYizaqRl6vXW5Q==",
      "license": "MIT",
      "dependencies": {
        "@bufbuild/connect": "^0.12.0",
        "@bufbuild/protobuf": "^1.2.1"
      }
    },
    "node_modules/@substreams/manifest": {
      "version": "0.0.9",
      "resolved": "https://registry.npmjs.org/@substreams/manifest/-/manifest-0.0.9.tgz",
      "integrity": "sha512-U/azNhOZle3S6lUCpnQ+P90V8GvtQWMMH8hEX3/TCPRz/hkOFm1PG0+6t6VYVgXX+yTCPrAVpYiyGUdfkaW9Bw==",
      "license": "MIT",
      "dependencies": {
        "@bufbuild/buf": "^1.25.0",
        "@bufbuild/protobuf": "^1.2.1",
        "@effect/schema": "^0.32.0",
        "@substreams/core": "^0.1.19",
        "yaml": "^2.3.1"
      }
    },
    "node_modules/@types/node": {
      "version": "24.10.1",
      "resolved": "https://registry.npmjs.org/@types/node/-/node-24.10.1.tgz",
      "integrity": "sha512-GNWcUTRBgIRJD5zj+Tq0fKOJ5XZajIiBroOF0yvj2bSU1WvNdYS/dn9UxwsujGW4JX06dnHyjV2y9rRaybH0iQ==",
      "license": "MIT",
      "dependencies": {
        "undici-types": "~7.16.0"
      }
    },
    "node_modules/dotenv": {
      "version": "17.2.3",
      "resolved": "https://registry.npmjs.org/dotenv/-/dotenv-17.2.3.tgz",
      "integrity": "sha512-JVUnt+DUIzu87TABbhPmNfVdBDt18BLOWjMUFJMSi/Qqg7NTYtabbvSNJGOJ7afbRuv9D/lngizHtP7QyLQ+9w==",
      "license": "BSD-2-Clause",
      "engines": {
        "node": ">=12"
      },
      "funding": {
        "url": "https://dotenvx.com"
      }
    },
    "node_modules/fast-check": {
      "version": "3.23.2",
      "resolved": "https://registry.npmjs.org/fast-check/-/fast-check-3.23.2.tgz",
      "integrity": "sha512-h5+1OzzfCC3Ef7VbtKdcv7zsstUQwUDlYpUTvjeUsJAssPgLn7QzbboPtL5ro04Mq0rPOsMzl7q5hIbRs2wD1A==",
      "funding": [
        {
          "type": "individual",
          "url": "https://github.com/sponsors/dubzzz"
        },
        {
          "type": "opencollective",
          "url": "https://opencollective.com/fast-check"
        }
      ],
      "license": "MIT",
      "dependencies": {
        "pure-rand": "^6.1.0"
      },
      "engines": {
        "node": ">=8.0.0"
      }
    },
    "node_modules/long": {
      "version": "5.3.2",
      "resolved": "https://registry.npmjs.org/long/-/long-5.3.2.tgz",
      "integrity": "sha512-mNAgZ1GmyNhD7AuqnTG3/VQ26o760+ZYBPKjPvugO8+nLbYfX6TVpJPseBvopbdY+qpZ/lKUnmEc1LeZYS3QAA==",
      "license": "Apache-2.0"
    },
    "node_modules/protobufjs": {
      "version": "7.5.4",
      "resolved": "https://registry.npmjs.org/protobufjs/-/protobufjs-7.5.4.tgz",
      "integrity": "sha512-CvexbZtbov6jW2eXAvLukXjXUW1TzFaivC46BpWc/3BpcCysb5Vffu+B3XHMm8lVEuy2Mm4XGex8hBSg1yapPg==",
      "hasInstallScript": true,
      "license": "BSD-3-Clause",
      "dependencies": {
        "@protobufjs/aspromise": "^1.1.2",
        "@protobufjs/base64": "^1.1.2",
        "@protobufjs/codegen": "^2.0.4",
        "@protobufjs/eventemitter": "^1.1.0",
        "@protobufjs/fetch": "^1.1.0",
        "@protobufjs/float": "^1.0.2",
        "@protobufjs/inquire": "^1.1.0",
        "@protobufjs/path": "^1.1.2",
        "@protobufjs/pool": "^1.1.0",
        "@protobufjs/utf8": "^1.1.0",
        "@types/node": ">=13.7.0",
        "long": "^5.0.0"
      },
      "engines": {
        "node": ">=12.0.0"
      }
    },
    "node_modules/pure-rand": {
      "version": "6.1.0",
      "resolved": "https://registry.npmjs.org/pure-rand/-/pure-rand-6.1.0.tgz",
      "integrity": "sha512-bVWawvoZoBYpp6yIoQtQXHZjmz35RSVHnUOTefl8Vcjr8snTPY1wnpSPMWekcFwbxI6gtmT7rSYPFvz71ldiOA==",
      "funding": [
        {
          "type": "individual",
          "url": "https://github.com/sponsors/dubzzz"
        },
        {
          "type": "opencollective",
          "url": "https://opencollective.com/fast-check"
        }
      ],
      "license": "MIT"
    },
    "node_modules/undici": {
      "version": "5.29.0",
      "resolved": "https://registry.npmjs.org/undici/-/undici-5.29.0.tgz",
      "integrity": "sha512-raqeBD6NQK4SkWhQzeYKd1KmIG6dllBOTt55Rmkt4HtI9mwdWtJljnrXjAFUBLTSN67HWrOIZ3EPF4kjUw80Bg==",
      "license": "MIT",
      "dependencies": {
        "@fastify/busboy": "^2.0.0"
      },
      "engines": {
        "node": ">=14.0"
      }
    },
    "node_modules/undici-types": {
      "version": "7.16.0",
      "resolved": "https://registry.npmjs.org/undici-types/-/undici-types-7.16.0.tgz",
      "integrity": "sha512-Zz+aZWSj8LE6zoxD+xrjh4VfkIG8Ya6LvYkZqtUQGJPZjYl53ypCaUwWqo7eI0x66KBGeRo+mlBEkMSeSZ38Nw==",
      "license": "MIT"
    },
    "node_modules/yaml": {
      "version": "2.8.1",
      "resolved": "https://registry.npmjs.org/yaml/-/yaml-2.8.1.tgz",
      "integrity": "sha512-lcYcMxX2PO9XMGvAJkJ3OsNMw+/7FKes7/hgerGUYWIoWu5j/+YQqcZr5JnPZWzOsEBgMbSbiSTn/dv/69Mkpw==",
      "license": "ISC",
      "bin": {
        "yaml": "bin.mjs"
      },
      "engines": {
        "node": ">= 14.6"
      }
    }
  }
}
